// !$*UTF8*$!
{
	archiveVersion = 1;
	classes = {
	};
	objectVersion = 54;
	objects = {

/* Begin PBXBuildFile section */
		058557BB273AAA24004C7B11 /* Assets.xcassets in Resources */ = {isa = PBXBuildFile; fileRef = 058557BA273AAA24004C7B11 /* Assets.xcassets */; };
		058557D9273AAEEB004C7B11 /* Preview Assets.xcassets in Resources */ = {isa = PBXBuildFile; fileRef = 058557D8273AAEEB004C7B11 /* Preview Assets.xcassets */; };
		13C2F41570FD84FA17F1AA2C /* Pods_iosApp.framework in Frameworks */ = {isa = PBXBuildFile; fileRef = FA813BFCEFF599D3A315A98D /* Pods_iosApp.framework */; };
		2152FB042600AC8F00CF470E /* iOSApp.swift in Sources */ = {isa = PBXBuildFile; fileRef = 2152FB032600AC8F00CF470E /* iOSApp.swift */; };
		7555FF83242A565900829871 /* ContentView.swift in Sources */ = {isa = PBXBuildFile; fileRef = 7555FF82242A565900829871 /* ContentView.swift */; };
/* End PBXBuildFile section */

/* Begin PBXFileReference section */
		058557BA273AAA24004C7B11 /* Assets.xcassets */ = {isa = PBXFileReference; lastKnownFileType = folder.assetcatalog; path = Assets.xcassets; sourceTree = "<group>"; };
		058557D8273AAEEB004C7B11 /* Preview Assets.xcassets */ = {isa = PBXFileReference; lastKnownFileType = folder.assetcatalog; path = "Preview Assets.xcassets"; sourceTree = "<group>"; };
		2152FB032600AC8F00CF470E /* iOSApp.swift */ = {isa = PBXFileReference; lastKnownFileType = sourcecode.swift; path = iOSApp.swift; sourceTree = "<group>"; };
		2C29F1D49D4C5DAD963F92A9 /* Pods-iosApp.release.xcconfig */ = {isa = PBXFileReference; includeInIndex = 1; lastKnownFileType = text.xcconfig; name = "Pods-iosApp.release.xcconfig"; path = "Target Support Files/Pods-iosApp/Pods-iosApp.release.xcconfig"; sourceTree = "<group>"; };
		7019F5790460913CA899E4E1 /* Pods-iosApp.debug.xcconfig */ = {isa = PBXFileReference; includeInIndex = 1; lastKnownFileType = text.xcconfig; name = "Pods-iosApp.debug.xcconfig"; path = "Target Support Files/Pods-iosApp/Pods-iosApp.debug.xcconfig"; sourceTree = "<group>"; };
		7555FF7B242A565900829871 /* .app */ = {isa = PBXFileReference; explicitFileType = wrapper.application; includeInIndex = 0; name = .app; path = FluidFit.app; sourceTree = BUILT_PRODUCTS_DIR; };
		7555FF82242A565900829871 /* ContentView.swift */ = {isa = PBXFileReference; lastKnownFileType = sourcecode.swift; path = ContentView.swift; sourceTree = "<group>"; };
		7555FF8C242A565B00829871 /* Info.plist */ = {isa = PBXFileReference; lastKnownFileType = text.plist.xml; path = Info.plist; sourceTree = "<group>"; };
		AB3632DC29227652001CCB65 /* Config.xcconfig */ = {isa = PBXFileReference; fileEncoding = 4; lastKnownFileType = text.xcconfig; path = Config.xcconfig; sourceTree = "<group>"; };
		FA813BFCEFF599D3A315A98D /* Pods_iosApp.framework */ = {isa = PBXFileReference; explicitFileType = wrapper.framework; includeInIndex = 0; path = Pods_iosApp.framework; sourceTree = BUILT_PRODUCTS_DIR; };
/* End PBXFileReference section */

/* Begin PBXFrameworksBuildPhase section */
		975CAF8499B760D426DAD457 /* Frameworks */ = {
			isa = PBXFrameworksBuildPhase;
			buildActionMask = 2147483647;
			files = (
				13C2F41570FD84FA17F1AA2C /* Pods_iosApp.framework in Frameworks */,
			);
			runOnlyForDeploymentPostprocessing = 0;
		};
/* End PBXFrameworksBuildPhase section */

/* Begin PBXGroup section */
		058557D7273AAEEB004C7B11 /* Preview Content */ = {
			isa = PBXGroup;
			children = (
				058557D8273AAEEB004C7B11 /* Preview Assets.xcassets */,
			);
			path = "Preview Content";
			sourceTree = "<group>";
		};
		42799AB246E5F90AF97AA0EF /* Frameworks */ = {
			isa = PBXGroup;
			children = (
				FA813BFCEFF599D3A315A98D /* Pods_iosApp.framework */,
			);
			name = Frameworks;
			sourceTree = "<group>";
		};
		61493993C3B9CC33287955AD /* xcschemes */ = {
			isa = PBXGroup;
			children = (
			);
			path = xcschemes;
			sourceTree = "<group>";
		};
		61493EE2C26C7F54B88C93BD /* xcuserdata */ = {
			isa = PBXGroup;
			children = (
				61493F05E506BD1A8187B529 /* khanh.xcuserdatad */,
			);
			name = xcuserdata;
			path = iosApp.xcodeproj/xcuserdata;
			sourceTree = "<group>";
		};
		61493F05E506BD1A8187B529 /* khanh.xcuserdatad */ = {
			isa = PBXGroup;
			children = (
				61493993C3B9CC33287955AD /* xcschemes */,
			);
			path = khanh.xcuserdatad;
			sourceTree = "<group>";
		};
		7555FF72242A565900829871 = {
			isa = PBXGroup;
			children = (
				AB1DB47929225F7C00F7AF9C /* Configuration */,
				7555FF7D242A565900829871 /* iosApp */,
				7555FF7C242A565900829871 /* Products */,
				42799AB246E5F90AF97AA0EF /* Frameworks */,
				61493EE2C26C7F54B88C93BD /* xcuserdata */,
				FB218B3AEEB9985C7B039F23 /* Pods */,
			);
			sourceTree = "<group>";
		};
		7555FF7C242A565900829871 /* Products */ = {
			isa = PBXGroup;
			children = (
				7555FF7B242A565900829871 /* .app */,
			);
			name = Products;
			sourceTree = "<group>";
		};
		7555FF7D242A565900829871 /* iosApp */ = {
			isa = PBXGroup;
			children = (
				058557BA273AAA24004C7B11 /* Assets.xcassets */,
				7555FF82242A565900829871 /* ContentView.swift */,
				7555FF8C242A565B00829871 /* Info.plist */,
				2152FB032600AC8F00CF470E /* iOSApp.swift */,
				058557D7273AAEEB004C7B11 /* Preview Content */,
			);
			path = iosApp;
			sourceTree = "<group>";
		};
		AB1DB47929225F7C00F7AF9C /* Configuration */ = {
			isa = PBXGroup;
			children = (
				AB3632DC29227652001CCB65 /* Config.xcconfig */,
			);
			path = Configuration;
			sourceTree = "<group>";
		};
		FB218B3AEEB9985C7B039F23 /* Pods */ = {
			isa = PBXGroup;
			children = (
				7019F5790460913CA899E4E1 /* Pods-iosApp.debug.xcconfig */,
				2C29F1D49D4C5DAD963F92A9 /* Pods-iosApp.release.xcconfig */,
			);
			name = Pods;
			path = Pods;
			sourceTree = "<group>";
		};
/* End PBXGroup section */

/* Begin PBXNativeTarget section */
		7555FF7A242A565900829871 /* iosApp */ = {
			isa = PBXNativeTarget;
			buildConfigurationList = 7555FFA5242A565B00829871 /* Build configuration list for PBXNativeTarget "iosApp" */;
			buildPhases = (
				C213555AD75177B72DFF162D /* [CP] Check Pods Manifest.lock */,
				F36B1CEB2AD83DDC00CB74D5 /* Compile Kotlin Framework */,
				7555FF77242A565900829871 /* Sources */,
				7555FF79242A565900829871 /* Resources */,
				975CAF8499B760D426DAD457 /* Frameworks */,
				D5EFB7DEAD93A9760C8C1A81 /* [CP] Embed Pods Frameworks */,
			);
			buildRules = (
			);
			dependencies = (
			);
			name = iosApp;
			packageProductDependencies = (
				1CF5AB1D2B20DCAC00422FCE /* FirebaseAnalytics */,
				1CF5AB1E2B20DCAC00422FCE /* FirebaseAnalyticsOnDeviceConversion */,
				1CF5AB1F2B20DCAC00422FCE /* FirebaseAnalyticsSwift */,
				1CF5AB202B20DCAC00422FCE /* FirebaseAnalyticsWithoutAdIdSupport */,
				1CF5AB212B20DCAC00422FCE /* FirebaseAppCheck */,
				1CF5AB222B20DCAC00422FCE /* FirebaseAppDistribution-Beta */,
				1CF5AB232B20DCAC00422FCE /* FirebaseAuth */,
				1CF5AB242B20DCAC00422FCE /* FirebaseAuthCombine-Community */,
				1CF5AB252B20DCAC00422FCE /* FirebaseCrashlytics */,
				1CF5AB262B20DCAC00422FCE /* FirebaseDatabase */,
				1CF5AB272B20DCAC00422FCE /* FirebaseDatabaseSwift */,
				1CF5AB282B20DCAC00422FCE /* FirebaseDynamicLinks */,
				1CF5AB292B20DCAC00422FCE /* FirebaseFirestore */,
				1CF5AB2A2B20DCAC00422FCE /* FirebaseFirestoreCombine-Community */,
				1CF5AB2B2B20DCAC00422FCE /* FirebaseFirestoreSwift */,
				1CF5AB2C2B20DCAC00422FCE /* FirebaseFunctions */,
				1CF5AB2D2B20DCAC00422FCE /* FirebaseFunctionsCombine-Community */,
				1CF5AB2E2B20DCAC00422FCE /* FirebaseInAppMessaging-Beta */,
				1CF5AB2F2B20DCAC00422FCE /* FirebaseInAppMessagingSwift-Beta */,
				1CF5AB302B20DCAC00422FCE /* FirebaseInstallations */,
				1CF5AB312B20DCAC00422FCE /* FirebaseMLModelDownloader */,
				1CF5AB322B20DCAC00422FCE /* FirebaseMessaging */,
				1CF5AB332B20DCAC00422FCE /* FirebasePerformance */,
				1CF5AB342B20DCAC00422FCE /* FirebaseRemoteConfig */,
				1CF5AB352B20DCAC00422FCE /* FirebaseRemoteConfigSwift */,
				1CF5AB362B20DCAC00422FCE /* FirebaseStorage */,
				1CF5AB372B20DCAC00422FCE /* FirebaseStorageCombine-Community */,
				1CF5AB382B20DF6800422FCE /* FirebaseAnalyticsOnDeviceConversion */,
				1CF5AB392B20DF6800422FCE /* FirebaseAnalyticsSwift */,
				1CF5AB3A2B20DF6800422FCE /* FirebaseAnalyticsWithoutAdIdSupport */,
				1CF5AB3B2B20DF6800422FCE /* FirebaseAppCheck */,
				1CF5AB3C2B20DF6800422FCE /* FirebaseAppDistribution-Beta */,
				1CF5AB3D2B20DF6800422FCE /* FirebaseAuth */,
				1CF5AB3E2B20DF6800422FCE /* FirebaseAuthCombine-Community */,
				1CF5AB3F2B20DF6800422FCE /* FirebaseCrashlytics */,
				1CF5AB402B20DF6800422FCE /* FirebaseDatabase */,
				1CF5AB412B20DF6800422FCE /* FirebaseDatabaseSwift */,
				1CF5AB422B20DF6800422FCE /* FirebaseDynamicLinks */,
				1CF5AB432B20DF6800422FCE /* FirebaseFirestore */,
				1CF5AB442B20DF6800422FCE /* FirebaseFirestoreCombine-Community */,
				1CF5AB452B20DF6800422FCE /* FirebaseFirestoreSwift */,
				1CF5AB462B20DF6800422FCE /* FirebaseFunctions */,
				1CF5AB472B20DF6800422FCE /* FirebaseFunctionsCombine-Community */,
				1CF5AB482B20DF6800422FCE /* FirebaseInAppMessaging-Beta */,
				1CF5AB492B20DF6800422FCE /* FirebaseInAppMessagingSwift-Beta */,
				1CF5AB4A2B20DF6800422FCE /* FirebaseInstallations */,
				1CF5AB4B2B20DF6800422FCE /* FirebaseMLModelDownloader */,
				1CF5AB4C2B20DF6800422FCE /* FirebaseMessaging */,
				1CF5AB4D2B20DF6800422FCE /* FirebasePerformance */,
				1CF5AB4E2B20DF6800422FCE /* FirebaseRemoteConfig */,
				1CF5AB4F2B20DF6800422FCE /* FirebaseRemoteConfigSwift */,
				1CF5AB502B20DF6800422FCE /* FirebaseStorage */,
				1CF5AB512B20DF6800422FCE /* FirebaseStorageCombine-Community */,
				1CF5AB522B20E02700422FCE /* FirebaseAnalytics */,
				1CF5AB532B20E02700422FCE /* FirebaseAnalyticsOnDeviceConversion */,
				1CF5AB542B20E02700422FCE /* FirebaseAnalyticsSwift */,
				1CF5AB552B20E02700422FCE /* FirebaseAnalyticsWithoutAdIdSupport */,
				1CF5AB562B20E02700422FCE /* FirebaseAppCheck */,
			);
			productName = iosApp;
			productReference = 7555FF7B242A565900829871 /* .app */;
			productType = "com.apple.product-type.application";
		};
/* End PBXNativeTarget section */

/* Begin PBXProject section */
		7555FF73242A565900829871 /* Project object */ = {
			isa = PBXProject;
			attributes = {
				LastSwiftUpdateCheck = 1130;
				LastUpgradeCheck = 1130;
				ORGANIZATIONNAME = orgName;
				TargetAttributes = {
					7555FF7A242A565900829871 = {
						CreatedOnToolsVersion = 11.3.1;
					};
				};
			};
			buildConfigurationList = 7555FF76242A565900829871 /* Build configuration list for PBXProject "iosApp" */;
			compatibilityVersion = "Xcode 9.3";
			developmentRegion = en;
			hasScannedForEncodings = 0;
			knownRegions = (
				en,
				Base,
			);
			mainGroup = 7555FF72242A565900829871;
			packageReferences = (
				1CF5AB1C2B20DCAC00422FCE /* XCRemoteSwiftPackageReference "firebase-ios-sdk" */,
			);
			productRefGroup = 7555FF7C242A565900829871 /* Products */;
			projectDirPath = "";
			projectRoot = "";
			targets = (
				7555FF7A242A565900829871 /* iosApp */,
			);
		};
/* End PBXProject section */

/* Begin PBXResourcesBuildPhase section */
		7555FF79242A565900829871 /* Resources */ = {
			isa = PBXResourcesBuildPhase;
			buildActionMask = 2147483647;
			files = (
				058557D9273AAEEB004C7B11 /* Preview Assets.xcassets in Resources */,
				058557BB273AAA24004C7B11 /* Assets.xcassets in Resources */,
			);
			runOnlyForDeploymentPostprocessing = 0;
		};
/* End PBXResourcesBuildPhase section */

/* Begin PBXShellScriptBuildPhase section */
		C213555AD75177B72DFF162D /* [CP] Check Pods Manifest.lock */ = {
			isa = PBXShellScriptBuildPhase;
			buildActionMask = 2147483647;
			files = (
			);
			inputFileListPaths = (
			);
			inputPaths = (
				"${PODS_PODFILE_DIR_PATH}/Podfile.lock",
				"${PODS_ROOT}/Manifest.lock",
			);
			name = "[CP] Check Pods Manifest.lock";
			outputFileListPaths = (
			);
			outputPaths = (
				"$(DERIVED_FILE_DIR)/Pods-iosApp-checkManifestLockResult.txt",
			);
			runOnlyForDeploymentPostprocessing = 0;
			shellPath = /bin/sh;
			shellScript = "diff \"${PODS_PODFILE_DIR_PATH}/Podfile.lock\" \"${PODS_ROOT}/Manifest.lock\" > /dev/null\nif [ $? != 0 ] ; then\n    # print error to STDERR\n    echo \"error: The sandbox is not in sync with the Podfile.lock. Run 'pod install' or update your CocoaPods installation.\" >&2\n    exit 1\nfi\n# This output is used by Xcode 'outputs' to avoid re-running this script phase.\necho \"SUCCESS\" > \"${SCRIPT_OUTPUT_FILE_0}\"\n";
			showEnvVarsInLog = 0;
		};
		D5EFB7DEAD93A9760C8C1A81 /* [CP] Embed Pods Frameworks */ = {
			isa = PBXShellScriptBuildPhase;
			buildActionMask = 2147483647;
			files = (
			);
			inputFileListPaths = (
				"${PODS_ROOT}/Target Support Files/Pods-iosApp/Pods-iosApp-frameworks-${CONFIGURATION}-input-files.xcfilelist",
			);
			name = "[CP] Embed Pods Frameworks";
			outputFileListPaths = (
				"${PODS_ROOT}/Target Support Files/Pods-iosApp/Pods-iosApp-frameworks-${CONFIGURATION}-output-files.xcfilelist",
			);
			runOnlyForDeploymentPostprocessing = 0;
			shellPath = /bin/sh;
			shellScript = "\"${PODS_ROOT}/Target Support Files/Pods-iosApp/Pods-iosApp-frameworks.sh\"\n";
			showEnvVarsInLog = 0;
		};
		F36B1CEB2AD83DDC00CB74D5 /* Compile Kotlin Framework */ = {
			isa = PBXShellScriptBuildPhase;
			buildActionMask = 2147483647;
			files = (
			);
			inputFileListPaths = (
			);
			inputPaths = (
			);
			name = "Compile Kotlin Framework";
			outputFileListPaths = (
			);
			outputPaths = (
			);
			runOnlyForDeploymentPostprocessing = 0;
			shellPath = /bin/sh;
			shellScript = "if [ \"YES\" = \"$OVERRIDE_KOTLIN_BUILD_IDE_SUPPORTED\" ]; then\n  echo \"Skipping Gradle build task invocation due to OVERRIDE_KOTLIN_BUILD_IDE_SUPPORTED environment variable set to \\\"YES\\\"\"\n  exit 0\nfi\ncd \"$SRCROOT/..\"\n./gradlew :composeApp:embedAndSignAppleFrameworkForXcode\n";
		};
/* End PBXShellScriptBuildPhase section */

/* Begin PBXSourcesBuildPhase section */
		7555FF77242A565900829871 /* Sources */ = {
			isa = PBXSourcesBuildPhase;
			buildActionMask = 2147483647;
			files = (
				2152FB042600AC8F00CF470E /* iOSApp.swift in Sources */,
				7555FF83242A565900829871 /* ContentView.swift in Sources */,
			);
			runOnlyForDeploymentPostprocessing = 0;
		};
/* End PBXSourcesBuildPhase section */

/* Begin XCBuildConfiguration section */
		7555FFA3242A565B00829871 /* Debug */ = {
			isa = XCBuildConfiguration;
			baseConfigurationReference = AB3632DC29227652001CCB65 /* Config.xcconfig */;
			buildSettings = {
				ALWAYS_SEARCH_USER_PATHS = NO;
				CLANG_ANALYZER_NONNULL = YES;
				CLANG_ANALYZER_NUMBER_OBJECT_CONVERSION = YES_AGGRESSIVE;
				CLANG_CXX_LANGUAGE_STANDARD = "gnu++14";
				CLANG_CXX_LIBRARY = "libc++";
				CLANG_ENABLE_MODULES = YES;
				CLANG_ENABLE_OBJC_ARC = YES;
				CLANG_ENABLE_OBJC_WEAK = YES;
				CLANG_WARN_BLOCK_CAPTURE_AUTORELEASING = YES;
				CLANG_WARN_BOOL_CONVERSION = YES;
				CLANG_WARN_COMMA = YES;
				CLANG_WARN_CONSTANT_CONVERSION = YES;
				CLANG_WARN_DEPRECATED_OBJC_IMPLEMENTATIONS = YES;
				CLANG_WARN_DIRECT_OBJC_ISA_USAGE = YES_ERROR;
				CLANG_WARN_DOCUMENTATION_COMMENTS = YES;
				CLANG_WARN_EMPTY_BODY = YES;
				CLANG_WARN_ENUM_CONVERSION = YES;
				CLANG_WARN_INFINITE_RECURSION = YES;
				CLANG_WARN_INT_CONVERSION = YES;
				CLANG_WARN_NON_LITERAL_NULL_CONVERSION = YES;
				CLANG_WARN_OBJC_IMPLICIT_RETAIN_SELF = YES;
				CLANG_WARN_OBJC_LITERAL_CONVERSION = YES;
				CLANG_WARN_OBJC_ROOT_CLASS = YES_ERROR;
				CLANG_WARN_QUOTED_INCLUDE_IN_FRAMEWORK_HEADER = YES;
				CLANG_WARN_RANGE_LOOP_ANALYSIS = YES;
				CLANG_WARN_STRICT_PROTOTYPES = YES;
				CLANG_WARN_SUSPICIOUS_MOVE = YES;
				CLANG_WARN_UNGUARDED_AVAILABILITY = YES_AGGRESSIVE;
				CLANG_WARN_UNREACHABLE_CODE = YES;
				CLANG_WARN__DUPLICATE_METHOD_MATCH = YES;
				COPY_PHASE_STRIP = NO;
				DEBUG_INFORMATION_FORMAT = "dwarf-with-dsym";
				ENABLE_STRICT_OBJC_MSGSEND = YES;
				ENABLE_TESTABILITY = YES;
				GCC_C_LANGUAGE_STANDARD = gnu11;
				GCC_DYNAMIC_NO_PIC = NO;
				GCC_NO_COMMON_BLOCKS = YES;
				GCC_OPTIMIZATION_LEVEL = 0;
				GCC_PREPROCESSOR_DEFINITIONS = (
					"DEBUG=1",
					"$(inherited)",
				);
				GCC_WARN_64_TO_32_BIT_CONVERSION = YES;
				GCC_WARN_ABOUT_RETURN_TYPE = YES_ERROR;
				GCC_WARN_UNDECLARED_SELECTOR = YES;
				GCC_WARN_UNINITIALIZED_AUTOS = YES_AGGRESSIVE;
				GCC_WARN_UNUSED_FUNCTION = YES;
				GCC_WARN_UNUSED_VARIABLE = YES;
				IPHONEOS_DEPLOYMENT_TARGET = 14.1;
				MTL_ENABLE_DEBUG_INFO = INCLUDE_SOURCE;
				MTL_FAST_MATH = YES;
				ONLY_ACTIVE_ARCH = YES;
				SDKROOT = iphoneos;
				SWIFT_ACTIVE_COMPILATION_CONDITIONS = DEBUG;
				SWIFT_OPTIMIZATION_LEVEL = "-Onone";
			};
			name = Debug;
		};
		7555FFA4242A565B00829871 /* Release */ = {
			isa = XCBuildConfiguration;
			baseConfigurationReference = AB3632DC29227652001CCB65 /* Config.xcconfig */;
			buildSettings = {
				ALWAYS_SEARCH_USER_PATHS = NO;
				CLANG_ANALYZER_NONNULL = YES;
				CLANG_ANALYZER_NUMBER_OBJECT_CONVERSION = YES_AGGRESSIVE;
				CLANG_CXX_LANGUAGE_STANDARD = "gnu++14";
				CLANG_CXX_LIBRARY = "libc++";
				CLANG_ENABLE_MODULES = YES;
				CLANG_ENABLE_OBJC_ARC = YES;
				CLANG_ENABLE_OBJC_WEAK = YES;
				CLANG_WARN_BLOCK_CAPTURE_AUTORELEASING = YES;
				CLANG_WARN_BOOL_CONVERSION = YES;
				CLANG_WARN_COMMA = YES;
				CLANG_WARN_CONSTANT_CONVERSION = YES;
				CLANG_WARN_DEPRECATED_OBJC_IMPLEMENTATIONS = YES;
				CLANG_WARN_DIRECT_OBJC_ISA_USAGE = YES_ERROR;
				CLANG_WARN_DOCUMENTATION_COMMENTS = YES;
				CLANG_WARN_EMPTY_BODY = YES;
				CLANG_WARN_ENUM_CONVERSION = YES;
				CLANG_WARN_INFINITE_RECURSION = YES;
				CLANG_WARN_INT_CONVERSION = YES;
				CLANG_WARN_NON_LITERAL_NULL_CONVERSION = YES;
				CLANG_WARN_OBJC_IMPLICIT_RETAIN_SELF = YES;
				CLANG_WARN_OBJC_LITERAL_CONVERSION = YES;
				CLANG_WARN_OBJC_ROOT_CLASS = YES_ERROR;
				CLANG_WARN_QUOTED_INCLUDE_IN_FRAMEWORK_HEADER = YES;
				CLANG_WARN_RANGE_LOOP_ANALYSIS = YES;
				CLANG_WARN_STRICT_PROTOTYPES = YES;
				CLANG_WARN_SUSPICIOUS_MOVE = YES;
				CLANG_WARN_UNGUARDED_AVAILABILITY = YES_AGGRESSIVE;
				CLANG_WARN_UNREACHABLE_CODE = YES;
				CLANG_WARN__DUPLICATE_METHOD_MATCH = YES;
				COPY_PHASE_STRIP = NO;
				DEBUG_INFORMATION_FORMAT = "dwarf-with-dsym";
				ENABLE_NS_ASSERTIONS = NO;
				ENABLE_STRICT_OBJC_MSGSEND = YES;
				GCC_C_LANGUAGE_STANDARD = gnu11;
				GCC_NO_COMMON_BLOCKS = YES;
				GCC_WARN_64_TO_32_BIT_CONVERSION = YES;
				GCC_WARN_ABOUT_RETURN_TYPE = YES_ERROR;
				GCC_WARN_UNDECLARED_SELECTOR = YES;
				GCC_WARN_UNINITIALIZED_AUTOS = YES_AGGRESSIVE;
				GCC_WARN_UNUSED_FUNCTION = YES;
				GCC_WARN_UNUSED_VARIABLE = YES;
				IPHONEOS_DEPLOYMENT_TARGET = 14.1;
				MTL_ENABLE_DEBUG_INFO = NO;
				MTL_FAST_MATH = YES;
				SDKROOT = iphoneos;
				SWIFT_COMPILATION_MODE = wholemodule;
				SWIFT_OPTIMIZATION_LEVEL = "-O";
				VALIDATE_PRODUCT = YES;
			};
			name = Release;
		};
		7555FFA6242A565B00829871 /* Debug */ = {
			isa = XCBuildConfiguration;
			baseConfigurationReference = 7019F5790460913CA899E4E1 /* Pods-iosApp.debug.xcconfig */;
			buildSettings = {
				ASSETCATALOG_COMPILER_APPICON_NAME = AppIcon;
				CODE_SIGN_IDENTITY = "Apple Development";
				CODE_SIGN_STYLE = Automatic;
				DEVELOPMENT_ASSET_PATHS = "\"iosApp/Preview Content\"";
				DEVELOPMENT_TEAM = "${TEAM_ID}";
				ENABLE_PREVIEWS = YES;
				FRAMEWORK_SEARCH_PATHS = "$(SRCROOT)/../shared/build/xcode-frameworks/$(CONFIGURATION)/$(SDK_NAME)\n$(SRCROOT)/../composeApp/build/xcode-frameworks/$(CONFIGURATION)/$(SDK_NAME)";
				INFOPLIST_FILE = iosApp/Info.plist;
				IPHONEOS_DEPLOYMENT_TARGET = 14.1;
				LD_RUNPATH_SEARCH_PATHS = (
					"$(inherited)",
					"@executable_path/Frameworks",
				);
				OTHER_LDFLAGS = (
					"$(inherited)",
					"-framework",
					composeApp,
				);
				PRODUCT_BUNDLE_IDENTIFIER = "${BUNDLE_ID}${TEAM_ID}";
				PRODUCT_NAME = "${APP_NAME}";
				PROVISIONING_PROFILE_SPECIFIER = "";
				SWIFT_VERSION = 5.0;
				TARGETED_DEVICE_FAMILY = "1,2";
			};
			name = Debug;
		};
		7555FFA7242A565B00829871 /* Release */ = {
			isa = XCBuildConfiguration;
			baseConfigurationReference = 2C29F1D49D4C5DAD963F92A9 /* Pods-iosApp.release.xcconfig */;
			buildSettings = {
				ASSETCATALOG_COMPILER_APPICON_NAME = AppIcon;
				CODE_SIGN_IDENTITY = "Apple Development";
				CODE_SIGN_STYLE = Automatic;
				DEVELOPMENT_ASSET_PATHS = "\"iosApp/Preview Content\"";
				DEVELOPMENT_TEAM = "${TEAM_ID}";
				ENABLE_PREVIEWS = YES;
				FRAMEWORK_SEARCH_PATHS = "$(SRCROOT)/../shared/build/xcode-frameworks/$(CONFIGURATION)/$(SDK_NAME)\n$(SRCROOT)/../composeApp/build/xcode-frameworks/$(CONFIGURATION)/$(SDK_NAME)";
				INFOPLIST_FILE = iosApp/Info.plist;
				IPHONEOS_DEPLOYMENT_TARGET = 14.1;
				LD_RUNPATH_SEARCH_PATHS = (
					"$(inherited)",
					"@executable_path/Frameworks",
				);
				OTHER_LDFLAGS = (
					"$(inherited)",
					"-framework",
					composeApp,
				);
				PRODUCT_BUNDLE_IDENTIFIER = "${BUNDLE_ID}${TEAM_ID}";
				PRODUCT_NAME = "${APP_NAME}";
				PROVISIONING_PROFILE_SPECIFIER = "";
				SWIFT_VERSION = 5.0;
				TARGETED_DEVICE_FAMILY = "1,2";
			};
			name = Release;
		};
/* End XCBuildConfiguration section */

/* Begin XCConfigurationList section */
		7555FF76242A565900829871 /* Build configuration list for PBXProject "iosApp" */ = {
			isa = XCConfigurationList;
			buildConfigurations = (
				7555FFA3242A565B00829871 /* Debug */,
				7555FFA4242A565B00829871 /* Release */,
			);
			defaultConfigurationIsVisible = 0;
			defaultConfigurationName = Release;
		};
		7555FFA5242A565B00829871 /* Build configuration list for PBXNativeTarget "iosApp" */ = {
			isa = XCConfigurationList;
			buildConfigurations = (
				7555FFA6242A565B00829871 /* Debug */,
				7555FFA7242A565B00829871 /* Release */,
			);
			defaultConfigurationIsVisible = 0;
			defaultConfigurationName = Release;
		};
/* End XCConfigurationList section */

/* Begin XCRemoteSwiftPackageReference section */
		1CF5AB1C2B20DCAC00422FCE /* XCRemoteSwiftPackageReference "firebase-ios-sdk" */ = {
			isa = XCRemoteSwiftPackageReference;
			repositoryURL = "https://github.com/firebase/firebase-ios-sdk";
			requirement = {
				kind = upToNextMajorVersion;
				minimumVersion = 10.19.0;
			};
		};
/* End XCRemoteSwiftPackageReference section */

/* Begin XCSwiftPackageProductDependency section */
		1CF5AB1D2B20DCAC00422FCE /* FirebaseAnalytics */ = {
			isa = XCSwiftPackageProductDependency;
			package = 1CF5AB1C2B20DCAC00422FCE /* XCRemoteSwiftPackageReference "firebase-ios-sdk" */;
			productName = FirebaseAnalytics;
		};
		1CF5AB1E2B20DCAC00422FCE /* FirebaseAnalyticsOnDeviceConversion */ = {
			isa = XCSwiftPackageProductDependency;
			package = 1CF5AB1C2B20DCAC00422FCE /* XCRemoteSwiftPackageReference "firebase-ios-sdk" */;
			productName = FirebaseAnalyticsOnDeviceConversion;
		};
		1CF5AB1F2B20DCAC00422FCE /* FirebaseAnalyticsSwift */ = {
			isa = XCSwiftPackageProductDependency;
			package = 1CF5AB1C2B20DCAC00422FCE /* XCRemoteSwiftPackageReference "firebase-ios-sdk" */;
			productName = FirebaseAnalyticsSwift;
		};
		1CF5AB202B20DCAC00422FCE /* FirebaseAnalyticsWithoutAdIdSupport */ = {
			isa = XCSwiftPackageProductDependency;
			package = 1CF5AB1C2B20DCAC00422FCE /* XCRemoteSwiftPackageReference "firebase-ios-sdk" */;
			productName = FirebaseAnalyticsWithoutAdIdSupport;
		};
		1CF5AB212B20DCAC00422FCE /* FirebaseAppCheck */ = {
			isa = XCSwiftPackageProductDependency;
			package = 1CF5AB1C2B20DCAC00422FCE /* XCRemoteSwiftPackageReference "firebase-ios-sdk" */;
			productName = FirebaseAppCheck;
		};
		1CF5AB222B20DCAC00422FCE /* FirebaseAppDistribution-Beta */ = {
			isa = XCSwiftPackageProductDependency;
			package = 1CF5AB1C2B20DCAC00422FCE /* XCRemoteSwiftPackageReference "firebase-ios-sdk" */;
			productName = "FirebaseAppDistribution-Beta";
		};
		1CF5AB232B20DCAC00422FCE /* FirebaseAuth */ = {
			isa = XCSwiftPackageProductDependency;
			package = 1CF5AB1C2B20DCAC00422FCE /* XCRemoteSwiftPackageReference "firebase-ios-sdk" */;
			productName = FirebaseAuth;
		};
		1CF5AB242B20DCAC00422FCE /* FirebaseAuthCombine-Community */ = {
			isa = XCSwiftPackageProductDependency;
			package = 1CF5AB1C2B20DCAC00422FCE /* XCRemoteSwiftPackageReference "firebase-ios-sdk" */;
			productName = "FirebaseAuthCombine-Community";
		};
		1CF5AB252B20DCAC00422FCE /* FirebaseCrashlytics */ = {
			isa = XCSwiftPackageProductDependency;
			package = 1CF5AB1C2B20DCAC00422FCE /* XCRemoteSwiftPackageReference "firebase-ios-sdk" */;
			productName = FirebaseCrashlytics;
		};
		1CF5AB262B20DCAC00422FCE /* FirebaseDatabase */ = {
			isa = XCSwiftPackageProductDependency;
			package = 1CF5AB1C2B20DCAC00422FCE /* XCRemoteSwiftPackageReference "firebase-ios-sdk" */;
			productName = FirebaseDatabase;
		};
		1CF5AB272B20DCAC00422FCE /* FirebaseDatabaseSwift */ = {
			isa = XCSwiftPackageProductDependency;
			package = 1CF5AB1C2B20DCAC00422FCE /* XCRemoteSwiftPackageReference "firebase-ios-sdk" */;
			productName = FirebaseDatabaseSwift;
		};
		1CF5AB282B20DCAC00422FCE /* FirebaseDynamicLinks */ = {
			isa = XCSwiftPackageProductDependency;
			package = 1CF5AB1C2B20DCAC00422FCE /* XCRemoteSwiftPackageReference "firebase-ios-sdk" */;
			productName = FirebaseDynamicLinks;
		};
		1CF5AB292B20DCAC00422FCE /* FirebaseFirestore */ = {
			isa = XCSwiftPackageProductDependency;
			package = 1CF5AB1C2B20DCAC00422FCE /* XCRemoteSwiftPackageReference "firebase-ios-sdk" */;
			productName = FirebaseFirestore;
		};
		1CF5AB2A2B20DCAC00422FCE /* FirebaseFirestoreCombine-Community */ = {
			isa = XCSwiftPackageProductDependency;
			package = 1CF5AB1C2B20DCAC00422FCE /* XCRemoteSwiftPackageReference "firebase-ios-sdk" */;
			productName = "FirebaseFirestoreCombine-Community";
		};
		1CF5AB2B2B20DCAC00422FCE /* FirebaseFirestoreSwift */ = {
			isa = XCSwiftPackageProductDependency;
			package = 1CF5AB1C2B20DCAC00422FCE /* XCRemoteSwiftPackageReference "firebase-ios-sdk" */;
			productName = FirebaseFirestoreSwift;
		};
		1CF5AB2C2B20DCAC00422FCE /* FirebaseFunctions */ = {
			isa = XCSwiftPackageProductDependency;
			package = 1CF5AB1C2B20DCAC00422FCE /* XCRemoteSwiftPackageReference "firebase-ios-sdk" */;
			productName = FirebaseFunctions;
		};
		1CF5AB2D2B20DCAC00422FCE /* FirebaseFunctionsCombine-Community */ = {
			isa = XCSwiftPackageProductDependency;
			package = 1CF5AB1C2B20DCAC00422FCE /* XCRemoteSwiftPackageReference "firebase-ios-sdk" */;
			productName = "FirebaseFunctionsCombine-Community";
		};
		1CF5AB2E2B20DCAC00422FCE /* FirebaseInAppMessaging-Beta */ = {
			isa = XCSwiftPackageProductDependency;
			package = 1CF5AB1C2B20DCAC00422FCE /* XCRemoteSwiftPackageReference "firebase-ios-sdk" */;
			productName = "FirebaseInAppMessaging-Beta";
		};
		1CF5AB2F2B20DCAC00422FCE /* FirebaseInAppMessagingSwift-Beta */ = {
			isa = XCSwiftPackageProductDependency;
			package = 1CF5AB1C2B20DCAC00422FCE /* XCRemoteSwiftPackageReference "firebase-ios-sdk" */;
			productName = "FirebaseInAppMessagingSwift-Beta";
		};
		1CF5AB302B20DCAC00422FCE /* FirebaseInstallations */ = {
			isa = XCSwiftPackageProductDependency;
			package = 1CF5AB1C2B20DCAC00422FCE /* XCRemoteSwiftPackageReference "firebase-ios-sdk" */;
			productName = FirebaseInstallations;
		};
		1CF5AB312B20DCAC00422FCE /* FirebaseMLModelDownloader */ = {
			isa = XCSwiftPackageProductDependency;
			package = 1CF5AB1C2B20DCAC00422FCE /* XCRemoteSwiftPackageReference "firebase-ios-sdk" */;
			productName = FirebaseMLModelDownloader;
		};
		1CF5AB322B20DCAC00422FCE /* FirebaseMessaging */ = {
			isa = XCSwiftPackageProductDependency;
			package = 1CF5AB1C2B20DCAC00422FCE /* XCRemoteSwiftPackageReference "firebase-ios-sdk" */;
			productName = FirebaseMessaging;
		};
		1CF5AB332B20DCAC00422FCE /* FirebasePerformance */ = {
			isa = XCSwiftPackageProductDependency;
			package = 1CF5AB1C2B20DCAC00422FCE /* XCRemoteSwiftPackageReference "firebase-ios-sdk" */;
			productName = FirebasePerformance;
		};
		1CF5AB342B20DCAC00422FCE /* FirebaseRemoteConfig */ = {
			isa = XCSwiftPackageProductDependency;
			package = 1CF5AB1C2B20DCAC00422FCE /* XCRemoteSwiftPackageReference "firebase-ios-sdk" */;
			productName = FirebaseRemoteConfig;
		};
		1CF5AB352B20DCAC00422FCE /* FirebaseRemoteConfigSwift */ = {
			isa = XCSwiftPackageProductDependency;
			package = 1CF5AB1C2B20DCAC00422FCE /* XCRemoteSwiftPackageReference "firebase-ios-sdk" */;
			productName = FirebaseRemoteConfigSwift;
		};
		1CF5AB362B20DCAC00422FCE /* FirebaseStorage */ = {
			isa = XCSwiftPackageProductDependency;
			package = 1CF5AB1C2B20DCAC00422FCE /* XCRemoteSwiftPackageReference "firebase-ios-sdk" */;
			productName = FirebaseStorage;
		};
		1CF5AB372B20DCAC00422FCE /* FirebaseStorageCombine-Community */ = {
			isa = XCSwiftPackageProductDependency;
			package = 1CF5AB1C2B20DCAC00422FCE /* XCRemoteSwiftPackageReference "firebase-ios-sdk" */;
			productName = "FirebaseStorageCombine-Community";
		};
		1CF5AB382B20DF6800422FCE /* FirebaseAnalyticsOnDeviceConversion */ = {
			isa = XCSwiftPackageProductDependency;
			package = 1CF5AB1C2B20DCAC00422FCE /* XCRemoteSwiftPackageReference "firebase-ios-sdk" */;
			productName = FirebaseAnalyticsOnDeviceConversion;
		};
		1CF5AB392B20DF6800422FCE /* FirebaseAnalyticsSwift */ = {
			isa = XCSwiftPackageProductDependency;
			package = 1CF5AB1C2B20DCAC00422FCE /* XCRemoteSwiftPackageReference "firebase-ios-sdk" */;
			productName = FirebaseAnalyticsSwift;
		};
		1CF5AB3A2B20DF6800422FCE /* FirebaseAnalyticsWithoutAdIdSupport */ = {
			isa = XCSwiftPackageProductDependency;
			package = 1CF5AB1C2B20DCAC00422FCE /* XCRemoteSwiftPackageReference "firebase-ios-sdk" */;
			productName = FirebaseAnalyticsWithoutAdIdSupport;
		};
		1CF5AB3B2B20DF6800422FCE /* FirebaseAppCheck */ = {
			isa = XCSwiftPackageProductDependency;
			package = 1CF5AB1C2B20DCAC00422FCE /* XCRemoteSwiftPackageReference "firebase-ios-sdk" */;
			productName = FirebaseAppCheck;
		};
		1CF5AB3C2B20DF6800422FCE /* FirebaseAppDistribution-Beta */ = {
			isa = XCSwiftPackageProductDependency;
			package = 1CF5AB1C2B20DCAC00422FCE /* XCRemoteSwiftPackageReference "firebase-ios-sdk" */;
			productName = "FirebaseAppDistribution-Beta";
		};
		1CF5AB3D2B20DF6800422FCE /* FirebaseAuth */ = {
			isa = XCSwiftPackageProductDependency;
			package = 1CF5AB1C2B20DCAC00422FCE /* XCRemoteSwiftPackageReference "firebase-ios-sdk" */;
			productName = FirebaseAuth;
		};
		1CF5AB3E2B20DF6800422FCE /* FirebaseAuthCombine-Community */ = {
			isa = XCSwiftPackageProductDependency;
			package = 1CF5AB1C2B20DCAC00422FCE /* XCRemoteSwiftPackageReference "firebase-ios-sdk" */;
			productName = "FirebaseAuthCombine-Community";
		};
		1CF5AB3F2B20DF6800422FCE /* FirebaseCrashlytics */ = {
			isa = XCSwiftPackageProductDependency;
			package = 1CF5AB1C2B20DCAC00422FCE /* XCRemoteSwiftPackageReference "firebase-ios-sdk" */;
			productName = FirebaseCrashlytics;
		};
		1CF5AB402B20DF6800422FCE /* FirebaseDatabase */ = {
			isa = XCSwiftPackageProductDependency;
			package = 1CF5AB1C2B20DCAC00422FCE /* XCRemoteSwiftPackageReference "firebase-ios-sdk" */;
			productName = FirebaseDatabase;
		};
		1CF5AB412B20DF6800422FCE /* FirebaseDatabaseSwift */ = {
			isa = XCSwiftPackageProductDependency;
			package = 1CF5AB1C2B20DCAC00422FCE /* XCRemoteSwiftPackageReference "firebase-ios-sdk" */;
			productName = FirebaseDatabaseSwift;
		};
		1CF5AB422B20DF6800422FCE /* FirebaseDynamicLinks */ = {
			isa = XCSwiftPackageProductDependency;
			package = 1CF5AB1C2B20DCAC00422FCE /* XCRemoteSwiftPackageReference "firebase-ios-sdk" */;
			productName = FirebaseDynamicLinks;
		};
		1CF5AB432B20DF6800422FCE /* FirebaseFirestore */ = {
			isa = XCSwiftPackageProductDependency;
			package = 1CF5AB1C2B20DCAC00422FCE /* XCRemoteSwiftPackageReference "firebase-ios-sdk" */;
			productName = FirebaseFirestore;
		};
		1CF5AB442B20DF6800422FCE /* FirebaseFirestoreCombine-Community */ = {
			isa = XCSwiftPackageProductDependency;
			package = 1CF5AB1C2B20DCAC00422FCE /* XCRemoteSwiftPackageReference "firebase-ios-sdk" */;
			productName = "FirebaseFirestoreCombine-Community";
		};
		1CF5AB452B20DF6800422FCE /* FirebaseFirestoreSwift */ = {
			isa = XCSwiftPackageProductDependency;
			package = 1CF5AB1C2B20DCAC00422FCE /* XCRemoteSwiftPackageReference "firebase-ios-sdk" */;
			productName = FirebaseFirestoreSwift;
		};
		1CF5AB462B20DF6800422FCE /* FirebaseFunctions */ = {
			isa = XCSwiftPackageProductDependency;
			package = 1CF5AB1C2B20DCAC00422FCE /* XCRemoteSwiftPackageReference "firebase-ios-sdk" */;
			productName = FirebaseFunctions;
		};
		1CF5AB472B20DF6800422FCE /* FirebaseFunctionsCombine-Community */ = {
			isa = XCSwiftPackageProductDependency;
			package = 1CF5AB1C2B20DCAC00422FCE /* XCRemoteSwiftPackageReference "firebase-ios-sdk" */;
			productName = "FirebaseFunctionsCombine-Community";
		};
		1CF5AB482B20DF6800422FCE /* FirebaseInAppMessaging-Beta */ = {
			isa = XCSwiftPackageProductDependency;
			package = 1CF5AB1C2B20DCAC00422FCE /* XCRemoteSwiftPackageReference "firebase-ios-sdk" */;
			productName = "FirebaseInAppMessaging-Beta";
		};
		1CF5AB492B20DF6800422FCE /* FirebaseInAppMessagingSwift-Beta */ = {
			isa = XCSwiftPackageProductDependency;
			package = 1CF5AB1C2B20DCAC00422FCE /* XCRemoteSwiftPackageReference "firebase-ios-sdk" */;
			productName = "FirebaseInAppMessagingSwift-Beta";
		};
		1CF5AB4A2B20DF6800422FCE /* FirebaseInstallations */ = {
			isa = XCSwiftPackageProductDependency;
			package = 1CF5AB1C2B20DCAC00422FCE /* XCRemoteSwiftPackageReference "firebase-ios-sdk" */;
			productName = FirebaseInstallations;
		};
		1CF5AB4B2B20DF6800422FCE /* FirebaseMLModelDownloader */ = {
			isa = XCSwiftPackageProductDependency;
			package = 1CF5AB1C2B20DCAC00422FCE /* XCRemoteSwiftPackageReference "firebase-ios-sdk" */;
			productName = FirebaseMLModelDownloader;
		};
		1CF5AB4C2B20DF6800422FCE /* FirebaseMessaging */ = {
			isa = XCSwiftPackageProductDependency;
			package = 1CF5AB1C2B20DCAC00422FCE /* XCRemoteSwiftPackageReference "firebase-ios-sdk" */;
			productName = FirebaseMessaging;
		};
		1CF5AB4D2B20DF6800422FCE /* FirebasePerformance */ = {
			isa = XCSwiftPackageProductDependency;
			package = 1CF5AB1C2B20DCAC00422FCE /* XCRemoteSwiftPackageReference "firebase-ios-sdk" */;
			productName = FirebasePerformance;
		};
		1CF5AB4E2B20DF6800422FCE /* FirebaseRemoteConfig */ = {
			isa = XCSwiftPackageProductDependency;
			package = 1CF5AB1C2B20DCAC00422FCE /* XCRemoteSwiftPackageReference "firebase-ios-sdk" */;
			productName = FirebaseRemoteConfig;
		};
		1CF5AB4F2B20DF6800422FCE /* FirebaseRemoteConfigSwift */ = {
			isa = XCSwiftPackageProductDependency;
			package = 1CF5AB1C2B20DCAC00422FCE /* XCRemoteSwiftPackageReference "firebase-ios-sdk" */;
			productName = FirebaseRemoteConfigSwift;
		};
		1CF5AB502B20DF6800422FCE /* FirebaseStorage */ = {
			isa = XCSwiftPackageProductDependency;
			package = 1CF5AB1C2B20DCAC00422FCE /* XCRemoteSwiftPackageReference "firebase-ios-sdk" */;
			productName = FirebaseStorage;
		};
		1CF5AB512B20DF6800422FCE /* FirebaseStorageCombine-Community */ = {
			isa = XCSwiftPackageProductDependency;
			package = 1CF5AB1C2B20DCAC00422FCE /* XCRemoteSwiftPackageReference "firebase-ios-sdk" */;
			productName = "FirebaseStorageCombine-Community";
		};
		1CF5AB522B20E02700422FCE /* FirebaseAnalytics */ = {
			isa = XCSwiftPackageProductDependency;
			package = 1CF5AB1C2B20DCAC00422FCE /* XCRemoteSwiftPackageReference "firebase-ios-sdk" */;
			productName = FirebaseAnalytics;
		};
		1CF5AB532B20E02700422FCE /* FirebaseAnalyticsOnDeviceConversion */ = {
			isa = XCSwiftPackageProductDependency;
			package = 1CF5AB1C2B20DCAC00422FCE /* XCRemoteSwiftPackageReference "firebase-ios-sdk" */;
			productName = FirebaseAnalyticsOnDeviceConversion;
		};
		1CF5AB542B20E02700422FCE /* FirebaseAnalyticsSwift */ = {
			isa = XCSwiftPackageProductDependency;
			package = 1CF5AB1C2B20DCAC00422FCE /* XCRemoteSwiftPackageReference "firebase-ios-sdk" */;
			productName = FirebaseAnalyticsSwift;
		};
		1CF5AB552B20E02700422FCE /* FirebaseAnalyticsWithoutAdIdSupport */ = {
			isa = XCSwiftPackageProductDependency;
			package = 1CF5AB1C2B20DCAC00422FCE /* XCRemoteSwiftPackageReference "firebase-ios-sdk" */;
			productName = FirebaseAnalyticsWithoutAdIdSupport;
		};
		1CF5AB562B20E02700422FCE /* FirebaseAppCheck */ = {
			isa = XCSwiftPackageProductDependency;
			package = 1CF5AB1C2B20DCAC00422FCE /* XCRemoteSwiftPackageReference "firebase-ios-sdk" */;
			productName = FirebaseAppCheck;
		};
/* End XCSwiftPackageProductDependency section */
	};
	rootObject = 7555FF73242A565900829871 /* Project object */;
}
